// !$*UTF8*$!
{
	archiveVersion = 1;
	classes = {
	};
	objectVersion = 56;
	objects = {

/* Begin PBXBuildFile section */
		1915C22F2A30938300A22788 /* BluetoothModel.swift in Sources */ = {isa = PBXBuildFile; fileRef = 1915C22E2A30938300A22788 /* BluetoothModel.swift */; };
		1928BBE02A35B1030029BB8C /* StartView.swift in Sources */ = {isa = PBXBuildFile; fileRef = 1928BBDF2A35B1030029BB8C /* StartView.swift */; };
		1928BBE72A3610DF0029BB8C /* DownloadAppView.swift in Sources */ = {isa = PBXBuildFile; fileRef = 1928BBE62A3610DF0029BB8C /* DownloadAppView.swift */; };
		1928BBEB2A371C0C0029BB8C /* AES.swift in Sources */ = {isa = PBXBuildFile; fileRef = 1928BBEA2A371C0C0029BB8C /* AES.swift */; };
		1928BBF52A374F360029BB8C /* QRCodeView.swift in Sources */ = {isa = PBXBuildFile; fileRef = 1928BBF42A374F360029BB8C /* QRCodeView.swift */; };
		19513C412A3D922000AA5668 /* HandySwift in Frameworks */ = {isa = PBXBuildFile; productRef = 19513C402A3D922000AA5668 /* HandySwift */; };
		1959D9C72A46A711001BBE0F /* FinishSetupView.swift in Sources */ = {isa = PBXBuildFile; fileRef = 1959D9C62A46A711001BBE0F /* FinishSetupView.swift */; };
		1959D9C92A46AC03001BBE0F /* SettingsView.swift in Sources */ = {isa = PBXBuildFile; fileRef = 1959D9C82A46AC03001BBE0F /* SettingsView.swift */; };
		1959D9CB2A46E68F001BBE0F /* AppDelegate.swift in Sources */ = {isa = PBXBuildFile; fileRef = 1959D9CA2A46E68F001BBE0F /* AppDelegate.swift */; };
		1959D9D32A472B6E001BBE0F /* AppDelegate.swift in Sources */ = {isa = PBXBuildFile; fileRef = 1959D9D22A472B6E001BBE0F /* AppDelegate.swift */; };
		1959D9D72A472B70001BBE0F /* Assets.xcassets in Resources */ = {isa = PBXBuildFile; fileRef = 1959D9D62A472B70001BBE0F /* Assets.xcassets */; };
		1959D9E52A472B70001BBE0F /* Cellular_HelperTests.swift in Sources */ = {isa = PBXBuildFile; fileRef = 1959D9E42A472B70001BBE0F /* Cellular_HelperTests.swift */; };
		1959D9EF2A472B70001BBE0F /* Cellular_HelperUITests.swift in Sources */ = {isa = PBXBuildFile; fileRef = 1959D9EE2A472B70001BBE0F /* Cellular_HelperUITests.swift */; };
		1959D9F12A472B70001BBE0F /* Cellular_HelperUITestsLaunchTests.swift in Sources */ = {isa = PBXBuildFile; fileRef = 1959D9F02A472B70001BBE0F /* Cellular_HelperUITestsLaunchTests.swift */; };
		1959DA002A472DD5001BBE0F /* Cellular Helper.app in CopyFiles */ = {isa = PBXBuildFile; fileRef = 1959D9D02A472B6E001BBE0F /* Cellular Helper.app */; settings = {ATTRIBUTES = (RemoveHeadersOnCopy, ); }; };
		198A7A1E2A45A4FA0097C0DD /* SettingUpView.swift in Sources */ = {isa = PBXBuildFile; fileRef = 198A7A1D2A45A4FA0097C0DD /* SettingUpView.swift */; };
		19A0ED342A2E240B00AF4A5F /* CellularApp.swift in Sources */ = {isa = PBXBuildFile; fileRef = 19A0ED332A2E240B00AF4A5F /* CellularApp.swift */; };
		19A0ED382A2E240C00AF4A5F /* Assets.xcassets in Resources */ = {isa = PBXBuildFile; fileRef = 19A0ED372A2E240C00AF4A5F /* Assets.xcassets */; };
		19A0ED3B2A2E240C00AF4A5F /* Preview Assets.xcassets in Resources */ = {isa = PBXBuildFile; fileRef = 19A0ED3A2A2E240C00AF4A5F /* Preview Assets.xcassets */; };
		19A0ED462A2E240C00AF4A5F /* CellularTests.swift in Sources */ = {isa = PBXBuildFile; fileRef = 19A0ED452A2E240C00AF4A5F /* CellularTests.swift */; };
		19A0ED502A2E240C00AF4A5F /* CellularUITests.swift in Sources */ = {isa = PBXBuildFile; fileRef = 19A0ED4F2A2E240C00AF4A5F /* CellularUITests.swift */; };
		19A0ED522A2E240C00AF4A5F /* CellularUITestsLaunchTests.swift in Sources */ = {isa = PBXBuildFile; fileRef = 19A0ED512A2E240C00AF4A5F /* CellularUITestsLaunchTests.swift */; };
		19BDE0692A4878E300C038BA /* MenuBarContentView.swift in Sources */ = {isa = PBXBuildFile; fileRef = 19BDE0682A4878E300C038BA /* MenuBarContentView.swift */; };
		19BDE06B2A4878ED00C038BA /* MenuBarIconView.swift in Sources */ = {isa = PBXBuildFile; fileRef = 19BDE06A2A4878ED00C038BA /* MenuBarIconView.swift */; };
/* End PBXBuildFile section */

/* Begin PBXContainerItemProxy section */
		1959D9E12A472B70001BBE0F /* PBXContainerItemProxy */ = {
			isa = PBXContainerItemProxy;
			containerPortal = 19A0ED282A2E240B00AF4A5F /* Project object */;
			proxyType = 1;
			remoteGlobalIDString = 1959D9CF2A472B6E001BBE0F;
			remoteInfo = "Cellular Helper";
		};
		1959D9EB2A472B70001BBE0F /* PBXContainerItemProxy */ = {
			isa = PBXContainerItemProxy;
			containerPortal = 19A0ED282A2E240B00AF4A5F /* Project object */;
			proxyType = 1;
			remoteGlobalIDString = 1959D9CF2A472B6E001BBE0F;
			remoteInfo = "Cellular Helper";
		};
		19A0ED422A2E240C00AF4A5F /* PBXContainerItemProxy */ = {
			isa = PBXContainerItemProxy;
			containerPortal = 19A0ED282A2E240B00AF4A5F /* Project object */;
			proxyType = 1;
			remoteGlobalIDString = 19A0ED2F2A2E240B00AF4A5F;
			remoteInfo = Cellular;
		};
		19A0ED4C2A2E240C00AF4A5F /* PBXContainerItemProxy */ = {
			isa = PBXContainerItemProxy;
			containerPortal = 19A0ED282A2E240B00AF4A5F /* Project object */;
			proxyType = 1;
			remoteGlobalIDString = 19A0ED2F2A2E240B00AF4A5F;
			remoteInfo = Cellular;
		};
/* End PBXContainerItemProxy section */

/* Begin PBXCopyFilesBuildPhase section */
		1959D9FF2A472DA6001BBE0F /* CopyFiles */ = {
			isa = PBXCopyFilesBuildPhase;
			buildActionMask = 2147483647;
			dstPath = Contents/Library/LoginItems;
			dstSubfolderSpec = 1;
			files = (
				1959DA002A472DD5001BBE0F /* Cellular Helper.app in CopyFiles */,
			);
			runOnlyForDeploymentPostprocessing = 0;
		};
/* End PBXCopyFilesBuildPhase section */

/* Begin PBXFileReference section */
		1915C22E2A30938300A22788 /* BluetoothModel.swift */ = {isa = PBXFileReference; lastKnownFileType = sourcecode.swift; path = BluetoothModel.swift; sourceTree = "<group>"; };
		1915C2302A30986400A22788 /* Info.plist */ = {isa = PBXFileReference; lastKnownFileType = text.plist; path = Info.plist; sourceTree = "<group>"; };
		1928BBDF2A35B1030029BB8C /* StartView.swift */ = {isa = PBXFileReference; lastKnownFileType = sourcecode.swift; path = StartView.swift; sourceTree = "<group>"; };
		1928BBE62A3610DF0029BB8C /* DownloadAppView.swift */ = {isa = PBXFileReference; lastKnownFileType = sourcecode.swift; path = DownloadAppView.swift; sourceTree = "<group>"; };
		1928BBEA2A371C0C0029BB8C /* AES.swift */ = {isa = PBXFileReference; lastKnownFileType = sourcecode.swift; path = AES.swift; sourceTree = "<group>"; };
		1928BBF42A374F360029BB8C /* QRCodeView.swift */ = {isa = PBXFileReference; lastKnownFileType = sourcecode.swift; path = QRCodeView.swift; sourceTree = "<group>"; };
		1959D9C62A46A711001BBE0F /* FinishSetupView.swift */ = {isa = PBXFileReference; lastKnownFileType = sourcecode.swift; path = FinishSetupView.swift; sourceTree = "<group>"; };
		1959D9C82A46AC03001BBE0F /* SettingsView.swift */ = {isa = PBXFileReference; lastKnownFileType = sourcecode.swift; path = SettingsView.swift; sourceTree = "<group>"; };
		1959D9CA2A46E68F001BBE0F /* AppDelegate.swift */ = {isa = PBXFileReference; lastKnownFileType = sourcecode.swift; path = AppDelegate.swift; sourceTree = "<group>"; };
		1959D9D02A472B6E001BBE0F /* Cellular Helper.app */ = {isa = PBXFileReference; explicitFileType = wrapper.application; includeInIndex = 0; path = "Cellular Helper.app"; sourceTree = BUILT_PRODUCTS_DIR; };
		1959D9D22A472B6E001BBE0F /* AppDelegate.swift */ = {isa = PBXFileReference; lastKnownFileType = sourcecode.swift; path = AppDelegate.swift; sourceTree = "<group>"; };
		1959D9D62A472B70001BBE0F /* Assets.xcassets */ = {isa = PBXFileReference; lastKnownFileType = folder.assetcatalog; path = Assets.xcassets; sourceTree = "<group>"; };
		1959D9DB2A472B70001BBE0F /* Cellular_Helper.entitlements */ = {isa = PBXFileReference; lastKnownFileType = text.plist.entitlements; path = Cellular_Helper.entitlements; sourceTree = "<group>"; };
		1959D9E02A472B70001BBE0F /* Cellular HelperTests.xctest */ = {isa = PBXFileReference; explicitFileType = wrapper.cfbundle; includeInIndex = 0; path = "Cellular HelperTests.xctest"; sourceTree = BUILT_PRODUCTS_DIR; };
		1959D9E42A472B70001BBE0F /* Cellular_HelperTests.swift */ = {isa = PBXFileReference; lastKnownFileType = sourcecode.swift; path = Cellular_HelperTests.swift; sourceTree = "<group>"; };
		1959D9EA2A472B70001BBE0F /* Cellular HelperUITests.xctest */ = {isa = PBXFileReference; explicitFileType = wrapper.cfbundle; includeInIndex = 0; path = "Cellular HelperUITests.xctest"; sourceTree = BUILT_PRODUCTS_DIR; };
		1959D9EE2A472B70001BBE0F /* Cellular_HelperUITests.swift */ = {isa = PBXFileReference; lastKnownFileType = sourcecode.swift; path = Cellular_HelperUITests.swift; sourceTree = "<group>"; };
		1959D9F02A472B70001BBE0F /* Cellular_HelperUITestsLaunchTests.swift */ = {isa = PBXFileReference; lastKnownFileType = sourcecode.swift; path = Cellular_HelperUITestsLaunchTests.swift; sourceTree = "<group>"; };
		198A7A1D2A45A4FA0097C0DD /* SettingUpView.swift */ = {isa = PBXFileReference; lastKnownFileType = sourcecode.swift; path = SettingUpView.swift; sourceTree = "<group>"; };
		19A0ED302A2E240B00AF4A5F /* Cellular.app */ = {isa = PBXFileReference; explicitFileType = wrapper.application; includeInIndex = 0; path = Cellular.app; sourceTree = BUILT_PRODUCTS_DIR; };
		19A0ED332A2E240B00AF4A5F /* CellularApp.swift */ = {isa = PBXFileReference; lastKnownFileType = sourcecode.swift; path = CellularApp.swift; sourceTree = "<group>"; };
		19A0ED372A2E240C00AF4A5F /* Assets.xcassets */ = {isa = PBXFileReference; lastKnownFileType = folder.assetcatalog; path = Assets.xcassets; sourceTree = "<group>"; };
		19A0ED3A2A2E240C00AF4A5F /* Preview Assets.xcassets */ = {isa = PBXFileReference; lastKnownFileType = folder.assetcatalog; path = "Preview Assets.xcassets"; sourceTree = "<group>"; };
		19A0ED3C2A2E240C00AF4A5F /* Cellular.entitlements */ = {isa = PBXFileReference; lastKnownFileType = text.plist.entitlements; path = Cellular.entitlements; sourceTree = "<group>"; };
		19A0ED412A2E240C00AF4A5F /* CellularTests.xctest */ = {isa = PBXFileReference; explicitFileType = wrapper.cfbundle; includeInIndex = 0; path = CellularTests.xctest; sourceTree = BUILT_PRODUCTS_DIR; };
		19A0ED452A2E240C00AF4A5F /* CellularTests.swift */ = {isa = PBXFileReference; lastKnownFileType = sourcecode.swift; path = CellularTests.swift; sourceTree = "<group>"; };
		19A0ED4B2A2E240C00AF4A5F /* CellularUITests.xctest */ = {isa = PBXFileReference; explicitFileType = wrapper.cfbundle; includeInIndex = 0; path = CellularUITests.xctest; sourceTree = BUILT_PRODUCTS_DIR; };
		19A0ED4F2A2E240C00AF4A5F /* CellularUITests.swift */ = {isa = PBXFileReference; lastKnownFileType = sourcecode.swift; path = CellularUITests.swift; sourceTree = "<group>"; };
		19A0ED512A2E240C00AF4A5F /* CellularUITestsLaunchTests.swift */ = {isa = PBXFileReference; lastKnownFileType = sourcecode.swift; path = CellularUITestsLaunchTests.swift; sourceTree = "<group>"; };
		19BDE0682A4878E300C038BA /* MenuBarContentView.swift */ = {isa = PBXFileReference; lastKnownFileType = sourcecode.swift; path = MenuBarContentView.swift; sourceTree = "<group>"; };
		19BDE06A2A4878ED00C038BA /* MenuBarIconView.swift */ = {isa = PBXFileReference; lastKnownFileType = sourcecode.swift; path = MenuBarIconView.swift; sourceTree = "<group>"; };
/* End PBXFileReference section */

/* Begin PBXFrameworksBuildPhase section */
		1959D9CD2A472B6E001BBE0F /* Frameworks */ = {
			isa = PBXFrameworksBuildPhase;
			buildActionMask = 2147483647;
			files = (
			);
			runOnlyForDeploymentPostprocessing = 0;
		};
		1959D9DD2A472B70001BBE0F /* Frameworks */ = {
			isa = PBXFrameworksBuildPhase;
			buildActionMask = 2147483647;
			files = (
			);
			runOnlyForDeploymentPostprocessing = 0;
		};
		1959D9E72A472B70001BBE0F /* Frameworks */ = {
			isa = PBXFrameworksBuildPhase;
			buildActionMask = 2147483647;
			files = (
			);
			runOnlyForDeploymentPostprocessing = 0;
		};
		19A0ED2D2A2E240B00AF4A5F /* Frameworks */ = {
			isa = PBXFrameworksBuildPhase;
			buildActionMask = 2147483647;
			files = (
				19513C412A3D922000AA5668 /* HandySwift in Frameworks */,
			);
			runOnlyForDeploymentPostprocessing = 0;
		};
		19A0ED3E2A2E240C00AF4A5F /* Frameworks */ = {
			isa = PBXFrameworksBuildPhase;
			buildActionMask = 2147483647;
			files = (
			);
			runOnlyForDeploymentPostprocessing = 0;
		};
		19A0ED482A2E240C00AF4A5F /* Frameworks */ = {
			isa = PBXFrameworksBuildPhase;
			buildActionMask = 2147483647;
			files = (
			);
			runOnlyForDeploymentPostprocessing = 0;
		};
/* End PBXFrameworksBuildPhase section */

/* Begin PBXGroup section */
		1928BBEC2A3721BF0029BB8C /* Utilities */ = {
			isa = PBXGroup;
			children = (
				1928BBEA2A371C0C0029BB8C /* AES.swift */,
			);
			path = Utilities;
			sourceTree = "<group>";
		};
		1928BBED2A3721E80029BB8C /* Views */ = {
			isa = PBXGroup;
			children = (
				1928BBDF2A35B1030029BB8C /* StartView.swift */,
				1928BBE62A3610DF0029BB8C /* DownloadAppView.swift */,
				1928BBF42A374F360029BB8C /* QRCodeView.swift */,
				198A7A1D2A45A4FA0097C0DD /* SettingUpView.swift */,
				1959D9C62A46A711001BBE0F /* FinishSetupView.swift */,
				1959D9C82A46AC03001BBE0F /* SettingsView.swift */,
				19BDE0682A4878E300C038BA /* MenuBarContentView.swift */,
				19BDE06A2A4878ED00C038BA /* MenuBarIconView.swift */,
			);
			path = Views;
			sourceTree = "<group>";
		};
		1928BBEF2A37221B0029BB8C /* Models */ = {
			isa = PBXGroup;
			children = (
				1915C22E2A30938300A22788 /* BluetoothModel.swift */,
			);
			path = Models;
			sourceTree = "<group>";
		};
		1959D9D12A472B6E001BBE0F /* Cellular Helper */ = {
			isa = PBXGroup;
			children = (
				1959D9D22A472B6E001BBE0F /* AppDelegate.swift */,
				1959D9D62A472B70001BBE0F /* Assets.xcassets */,
				1959D9DB2A472B70001BBE0F /* Cellular_Helper.entitlements */,
			);
			path = "Cellular Helper";
			sourceTree = "<group>";
		};
		1959D9E32A472B70001BBE0F /* Cellular HelperTests */ = {
			isa = PBXGroup;
			children = (
				1959D9E42A472B70001BBE0F /* Cellular_HelperTests.swift */,
			);
			path = "Cellular HelperTests";
			sourceTree = "<group>";
		};
		1959D9ED2A472B70001BBE0F /* Cellular HelperUITests */ = {
			isa = PBXGroup;
			children = (
				1959D9EE2A472B70001BBE0F /* Cellular_HelperUITests.swift */,
				1959D9F02A472B70001BBE0F /* Cellular_HelperUITestsLaunchTests.swift */,
			);
			path = "Cellular HelperUITests";
			sourceTree = "<group>";
		};
		19A0ED272A2E240B00AF4A5F = {
			isa = PBXGroup;
			children = (
				19A0ED322A2E240B00AF4A5F /* Cellular */,
				19A0ED442A2E240C00AF4A5F /* CellularTests */,
				19A0ED4E2A2E240C00AF4A5F /* CellularUITests */,
				1959D9D12A472B6E001BBE0F /* Cellular Helper */,
				1959D9E32A472B70001BBE0F /* Cellular HelperTests */,
				1959D9ED2A472B70001BBE0F /* Cellular HelperUITests */,
				19A0ED312A2E240B00AF4A5F /* Products */,
			);
			sourceTree = "<group>";
		};
		19A0ED312A2E240B00AF4A5F /* Products */ = {
			isa = PBXGroup;
			children = (
				19A0ED302A2E240B00AF4A5F /* Cellular.app */,
				19A0ED412A2E240C00AF4A5F /* CellularTests.xctest */,
				19A0ED4B2A2E240C00AF4A5F /* CellularUITests.xctest */,
				1959D9D02A472B6E001BBE0F /* Cellular Helper.app */,
				1959D9E02A472B70001BBE0F /* Cellular HelperTests.xctest */,
				1959D9EA2A472B70001BBE0F /* Cellular HelperUITests.xctest */,
			);
			name = Products;
			sourceTree = "<group>";
		};
		19A0ED322A2E240B00AF4A5F /* Cellular */ = {
			isa = PBXGroup;
			children = (
				1915C2302A30986400A22788 /* Info.plist */,
				19A0ED372A2E240C00AF4A5F /* Assets.xcassets */,
				19A0ED3C2A2E240C00AF4A5F /* Cellular.entitlements */,
				19A0ED392A2E240C00AF4A5F /* Preview Content */,
				1928BBEC2A3721BF0029BB8C /* Utilities */,
				1928BBED2A3721E80029BB8C /* Views */,
				1928BBEF2A37221B0029BB8C /* Models */,
				19A0ED332A2E240B00AF4A5F /* CellularApp.swift */,
				1959D9CA2A46E68F001BBE0F /* AppDelegate.swift */,
			);
			path = Cellular;
			sourceTree = "<group>";
		};
		19A0ED392A2E240C00AF4A5F /* Preview Content */ = {
			isa = PBXGroup;
			children = (
				19A0ED3A2A2E240C00AF4A5F /* Preview Assets.xcassets */,
			);
			path = "Preview Content";
			sourceTree = "<group>";
		};
		19A0ED442A2E240C00AF4A5F /* CellularTests */ = {
			isa = PBXGroup;
			children = (
				19A0ED452A2E240C00AF4A5F /* CellularTests.swift */,
			);
			path = CellularTests;
			sourceTree = "<group>";
		};
		19A0ED4E2A2E240C00AF4A5F /* CellularUITests */ = {
			isa = PBXGroup;
			children = (
				19A0ED4F2A2E240C00AF4A5F /* CellularUITests.swift */,
				19A0ED512A2E240C00AF4A5F /* CellularUITestsLaunchTests.swift */,
			);
			path = CellularUITests;
			sourceTree = "<group>";
		};
/* End PBXGroup section */

/* Begin PBXNativeTarget section */
		1959D9CF2A472B6E001BBE0F /* Cellular Helper */ = {
			isa = PBXNativeTarget;
			buildConfigurationList = 1959D9F22A472B70001BBE0F /* Build configuration list for PBXNativeTarget "Cellular Helper" */;
			buildPhases = (
				1959D9CC2A472B6E001BBE0F /* Sources */,
				1959D9CD2A472B6E001BBE0F /* Frameworks */,
				1959D9CE2A472B6E001BBE0F /* Resources */,
			);
			buildRules = (
			);
			dependencies = (
			);
			name = "Cellular Helper";
			productName = "Cellular Helper";
			productReference = 1959D9D02A472B6E001BBE0F /* Cellular Helper.app */;
			productType = "com.apple.product-type.application";
		};
		1959D9DF2A472B70001BBE0F /* Cellular HelperTests */ = {
			isa = PBXNativeTarget;
			buildConfigurationList = 1959D9F52A472B70001BBE0F /* Build configuration list for PBXNativeTarget "Cellular HelperTests" */;
			buildPhases = (
				1959D9DC2A472B70001BBE0F /* Sources */,
				1959D9DD2A472B70001BBE0F /* Frameworks */,
				1959D9DE2A472B70001BBE0F /* Resources */,
			);
			buildRules = (
			);
			dependencies = (
				1959D9E22A472B70001BBE0F /* PBXTargetDependency */,
			);
			name = "Cellular HelperTests";
			productName = "Cellular HelperTests";
			productReference = 1959D9E02A472B70001BBE0F /* Cellular HelperTests.xctest */;
			productType = "com.apple.product-type.bundle.unit-test";
		};
		1959D9E92A472B70001BBE0F /* Cellular HelperUITests */ = {
			isa = PBXNativeTarget;
			buildConfigurationList = 1959D9F82A472B70001BBE0F /* Build configuration list for PBXNativeTarget "Cellular HelperUITests" */;
			buildPhases = (
				1959D9E62A472B70001BBE0F /* Sources */,
				1959D9E72A472B70001BBE0F /* Frameworks */,
				1959D9E82A472B70001BBE0F /* Resources */,
			);
			buildRules = (
			);
			dependencies = (
				1959D9EC2A472B70001BBE0F /* PBXTargetDependency */,
			);
			name = "Cellular HelperUITests";
			productName = "Cellular HelperUITests";
			productReference = 1959D9EA2A472B70001BBE0F /* Cellular HelperUITests.xctest */;
			productType = "com.apple.product-type.bundle.ui-testing";
		};
		19A0ED2F2A2E240B00AF4A5F /* Cellular */ = {
			isa = PBXNativeTarget;
			buildConfigurationList = 19A0ED552A2E240C00AF4A5F /* Build configuration list for PBXNativeTarget "Cellular" */;
			buildPhases = (
				19A0ED2C2A2E240B00AF4A5F /* Sources */,
				19A0ED2D2A2E240B00AF4A5F /* Frameworks */,
				19A0ED2E2A2E240B00AF4A5F /* Resources */,
				1959D9FF2A472DA6001BBE0F /* CopyFiles */,
			);
			buildRules = (
			);
			dependencies = (
			);
			name = Cellular;
			packageProductDependencies = (
				19513C402A3D922000AA5668 /* HandySwift */,
			);
			productName = Cellular;
			productReference = 19A0ED302A2E240B00AF4A5F /* Cellular.app */;
			productType = "com.apple.product-type.application";
		};
		19A0ED402A2E240C00AF4A5F /* CellularTests */ = {
			isa = PBXNativeTarget;
			buildConfigurationList = 19A0ED582A2E240C00AF4A5F /* Build configuration list for PBXNativeTarget "CellularTests" */;
			buildPhases = (
				19A0ED3D2A2E240C00AF4A5F /* Sources */,
				19A0ED3E2A2E240C00AF4A5F /* Frameworks */,
				19A0ED3F2A2E240C00AF4A5F /* Resources */,
			);
			buildRules = (
			);
			dependencies = (
				19A0ED432A2E240C00AF4A5F /* PBXTargetDependency */,
			);
			name = CellularTests;
			productName = CellularTests;
			productReference = 19A0ED412A2E240C00AF4A5F /* CellularTests.xctest */;
			productType = "com.apple.product-type.bundle.unit-test";
		};
		19A0ED4A2A2E240C00AF4A5F /* CellularUITests */ = {
			isa = PBXNativeTarget;
			buildConfigurationList = 19A0ED5B2A2E240C00AF4A5F /* Build configuration list for PBXNativeTarget "CellularUITests" */;
			buildPhases = (
				19A0ED472A2E240C00AF4A5F /* Sources */,
				19A0ED482A2E240C00AF4A5F /* Frameworks */,
				19A0ED492A2E240C00AF4A5F /* Resources */,
			);
			buildRules = (
			);
			dependencies = (
				19A0ED4D2A2E240C00AF4A5F /* PBXTargetDependency */,
			);
			name = CellularUITests;
			productName = CellularUITests;
			productReference = 19A0ED4B2A2E240C00AF4A5F /* CellularUITests.xctest */;
			productType = "com.apple.product-type.bundle.ui-testing";
		};
/* End PBXNativeTarget section */

/* Begin PBXProject section */
		19A0ED282A2E240B00AF4A5F /* Project object */ = {
			isa = PBXProject;
			attributes = {
				BuildIndependentTargetsInParallel = 1;
				LastSwiftUpdateCheck = 1430;
				LastUpgradeCheck = 1430;
				TargetAttributes = {
					1959D9CF2A472B6E001BBE0F = {
						CreatedOnToolsVersion = 14.3;
					};
					1959D9DF2A472B70001BBE0F = {
						CreatedOnToolsVersion = 14.3;
						TestTargetID = 1959D9CF2A472B6E001BBE0F;
					};
					1959D9E92A472B70001BBE0F = {
						CreatedOnToolsVersion = 14.3;
						TestTargetID = 1959D9CF2A472B6E001BBE0F;
					};
					19A0ED2F2A2E240B00AF4A5F = {
						CreatedOnToolsVersion = 14.3;
					};
					19A0ED402A2E240C00AF4A5F = {
						CreatedOnToolsVersion = 14.3;
						TestTargetID = 19A0ED2F2A2E240B00AF4A5F;
					};
					19A0ED4A2A2E240C00AF4A5F = {
						CreatedOnToolsVersion = 14.3;
						TestTargetID = 19A0ED2F2A2E240B00AF4A5F;
					};
				};
			};
			buildConfigurationList = 19A0ED2B2A2E240B00AF4A5F /* Build configuration list for PBXProject "Cellular" */;
			compatibilityVersion = "Xcode 14.0";
			developmentRegion = en;
			hasScannedForEncodings = 0;
			knownRegions = (
				en,
				Base,
			);
			mainGroup = 19A0ED272A2E240B00AF4A5F;
			packageReferences = (
				19513C3F2A3D922000AA5668 /* XCRemoteSwiftPackageReference "HandySwift" */,
			);
			productRefGroup = 19A0ED312A2E240B00AF4A5F /* Products */;
			projectDirPath = "";
			projectRoot = "";
			targets = (
				19A0ED2F2A2E240B00AF4A5F /* Cellular */,
				19A0ED402A2E240C00AF4A5F /* CellularTests */,
				19A0ED4A2A2E240C00AF4A5F /* CellularUITests */,
				1959D9CF2A472B6E001BBE0F /* Cellular Helper */,
				1959D9DF2A472B70001BBE0F /* Cellular HelperTests */,
				1959D9E92A472B70001BBE0F /* Cellular HelperUITests */,
			);
		};
/* End PBXProject section */

/* Begin PBXResourcesBuildPhase section */
		1959D9CE2A472B6E001BBE0F /* Resources */ = {
			isa = PBXResourcesBuildPhase;
			buildActionMask = 2147483647;
			files = (
				1959D9D72A472B70001BBE0F /* Assets.xcassets in Resources */,
			);
			runOnlyForDeploymentPostprocessing = 0;
		};
		1959D9DE2A472B70001BBE0F /* Resources */ = {
			isa = PBXResourcesBuildPhase;
			buildActionMask = 2147483647;
			files = (
			);
			runOnlyForDeploymentPostprocessing = 0;
		};
		1959D9E82A472B70001BBE0F /* Resources */ = {
			isa = PBXResourcesBuildPhase;
			buildActionMask = 2147483647;
			files = (
			);
			runOnlyForDeploymentPostprocessing = 0;
		};
		19A0ED2E2A2E240B00AF4A5F /* Resources */ = {
			isa = PBXResourcesBuildPhase;
			buildActionMask = 2147483647;
			files = (
				19A0ED3B2A2E240C00AF4A5F /* Preview Assets.xcassets in Resources */,
				19A0ED382A2E240C00AF4A5F /* Assets.xcassets in Resources */,
			);
			runOnlyForDeploymentPostprocessing = 0;
		};
		19A0ED3F2A2E240C00AF4A5F /* Resources */ = {
			isa = PBXResourcesBuildPhase;
			buildActionMask = 2147483647;
			files = (
			);
			runOnlyForDeploymentPostprocessing = 0;
		};
		19A0ED492A2E240C00AF4A5F /* Resources */ = {
			isa = PBXResourcesBuildPhase;
			buildActionMask = 2147483647;
			files = (
			);
			runOnlyForDeploymentPostprocessing = 0;
		};
/* End PBXResourcesBuildPhase section */

/* Begin PBXSourcesBuildPhase section */
		1959D9CC2A472B6E001BBE0F /* Sources */ = {
			isa = PBXSourcesBuildPhase;
			buildActionMask = 2147483647;
			files = (
				1959D9D32A472B6E001BBE0F /* AppDelegate.swift in Sources */,
			);
			runOnlyForDeploymentPostprocessing = 0;
		};
		1959D9DC2A472B70001BBE0F /* Sources */ = {
			isa = PBXSourcesBuildPhase;
			buildActionMask = 2147483647;
			files = (
				1959D9E52A472B70001BBE0F /* Cellular_HelperTests.swift in Sources */,
			);
			runOnlyForDeploymentPostprocessing = 0;
		};
		1959D9E62A472B70001BBE0F /* Sources */ = {
			isa = PBXSourcesBuildPhase;
			buildActionMask = 2147483647;
			files = (
				1959D9F12A472B70001BBE0F /* Cellular_HelperUITestsLaunchTests.swift in Sources */,
				1959D9EF2A472B70001BBE0F /* Cellular_HelperUITests.swift in Sources */,
			);
			runOnlyForDeploymentPostprocessing = 0;
		};
		19A0ED2C2A2E240B00AF4A5F /* Sources */ = {
			isa = PBXSourcesBuildPhase;
			buildActionMask = 2147483647;
			files = (
				198A7A1E2A45A4FA0097C0DD /* SettingUpView.swift in Sources */,
				1928BBF52A374F360029BB8C /* QRCodeView.swift in Sources */,
				1928BBE72A3610DF0029BB8C /* DownloadAppView.swift in Sources */,
				19BDE0692A4878E300C038BA /* MenuBarContentView.swift in Sources */,
				1959D9C92A46AC03001BBE0F /* SettingsView.swift in Sources */,
				19A0ED342A2E240B00AF4A5F /* CellularApp.swift in Sources */,
				19BDE06B2A4878ED00C038BA /* MenuBarIconView.swift in Sources */,
				1915C22F2A30938300A22788 /* BluetoothModel.swift in Sources */,
				1959D9C72A46A711001BBE0F /* FinishSetupView.swift in Sources */,
				1928BBE02A35B1030029BB8C /* StartView.swift in Sources */,
				1959D9CB2A46E68F001BBE0F /* AppDelegate.swift in Sources */,
				1928BBEB2A371C0C0029BB8C /* AES.swift in Sources */,
			);
			runOnlyForDeploymentPostprocessing = 0;
		};
		19A0ED3D2A2E240C00AF4A5F /* Sources */ = {
			isa = PBXSourcesBuildPhase;
			buildActionMask = 2147483647;
			files = (
				19A0ED462A2E240C00AF4A5F /* CellularTests.swift in Sources */,
			);
			runOnlyForDeploymentPostprocessing = 0;
		};
		19A0ED472A2E240C00AF4A5F /* Sources */ = {
			isa = PBXSourcesBuildPhase;
			buildActionMask = 2147483647;
			files = (
				19A0ED522A2E240C00AF4A5F /* CellularUITestsLaunchTests.swift in Sources */,
				19A0ED502A2E240C00AF4A5F /* CellularUITests.swift in Sources */,
			);
			runOnlyForDeploymentPostprocessing = 0;
		};
/* End PBXSourcesBuildPhase section */

/* Begin PBXTargetDependency section */
		1959D9E22A472B70001BBE0F /* PBXTargetDependency */ = {
			isa = PBXTargetDependency;
			target = 1959D9CF2A472B6E001BBE0F /* Cellular Helper */;
			targetProxy = 1959D9E12A472B70001BBE0F /* PBXContainerItemProxy */;
		};
		1959D9EC2A472B70001BBE0F /* PBXTargetDependency */ = {
			isa = PBXTargetDependency;
			target = 1959D9CF2A472B6E001BBE0F /* Cellular Helper */;
			targetProxy = 1959D9EB2A472B70001BBE0F /* PBXContainerItemProxy */;
		};
		19A0ED432A2E240C00AF4A5F /* PBXTargetDependency */ = {
			isa = PBXTargetDependency;
			target = 19A0ED2F2A2E240B00AF4A5F /* Cellular */;
			targetProxy = 19A0ED422A2E240C00AF4A5F /* PBXContainerItemProxy */;
		};
		19A0ED4D2A2E240C00AF4A5F /* PBXTargetDependency */ = {
			isa = PBXTargetDependency;
			target = 19A0ED2F2A2E240B00AF4A5F /* Cellular */;
			targetProxy = 19A0ED4C2A2E240C00AF4A5F /* PBXContainerItemProxy */;
		};
/* End PBXTargetDependency section */

/* Begin XCBuildConfiguration section */
		1959D9F32A472B70001BBE0F /* Debug */ = {
			isa = XCBuildConfiguration;
			buildSettings = {
				ASSETCATALOG_COMPILER_APPICON_NAME = AppIcon;
				ASSETCATALOG_COMPILER_GLOBAL_ACCENT_COLOR_NAME = AccentColor;
				CODE_SIGN_ENTITLEMENTS = "Cellular Helper/Cellular_Helper.entitlements";
				CODE_SIGN_STYLE = Automatic;
				COMBINE_HIDPI_IMAGES = YES;
				CURRENT_PROJECT_VERSION = 1;
				GENERATE_INFOPLIST_FILE = YES;
				INFOPLIST_KEY_CFBundleDisplayName = Cellular;
				INFOPLIST_KEY_LSApplicationCategoryType = "public.app-category.utilities";
				INFOPLIST_KEY_LSBackgroundOnly = YES;
				INFOPLIST_KEY_NSHumanReadableCopyright = "";
				INFOPLIST_KEY_NSMainStoryboardFile = Main;
				INFOPLIST_KEY_NSPrincipalClass = NSApplication;
				LD_RUNPATH_SEARCH_PATHS = (
					"$(inherited)",
					"@executable_path/../Frameworks",
				);
				MACOSX_DEPLOYMENT_TARGET = 13.0;
				MARKETING_VERSION = 1.0;
				PRODUCT_BUNDLE_IDENTIFIER = com.xuanhan.cellularhelper;
				PRODUCT_NAME = "$(TARGET_NAME)";
				SKIP_INSTALL = YES;
				SWIFT_EMIT_LOC_STRINGS = YES;
				SWIFT_VERSION = 5.0;
			};
			name = Debug;
		};
		1959D9F42A472B70001BBE0F /* Release */ = {
			isa = XCBuildConfiguration;
			buildSettings = {
				ASSETCATALOG_COMPILER_APPICON_NAME = AppIcon;
				ASSETCATALOG_COMPILER_GLOBAL_ACCENT_COLOR_NAME = AccentColor;
				CODE_SIGN_ENTITLEMENTS = "Cellular Helper/Cellular_Helper.entitlements";
				CODE_SIGN_STYLE = Automatic;
				COMBINE_HIDPI_IMAGES = YES;
				CURRENT_PROJECT_VERSION = 1;
				GENERATE_INFOPLIST_FILE = YES;
				INFOPLIST_KEY_CFBundleDisplayName = Cellular;
				INFOPLIST_KEY_LSApplicationCategoryType = "public.app-category.utilities";
				INFOPLIST_KEY_LSBackgroundOnly = YES;
				INFOPLIST_KEY_NSHumanReadableCopyright = "";
				INFOPLIST_KEY_NSMainStoryboardFile = Main;
				INFOPLIST_KEY_NSPrincipalClass = NSApplication;
				LD_RUNPATH_SEARCH_PATHS = (
					"$(inherited)",
					"@executable_path/../Frameworks",
				);
				MACOSX_DEPLOYMENT_TARGET = 13.0;
				MARKETING_VERSION = 1.0;
				PRODUCT_BUNDLE_IDENTIFIER = com.xuanhan.cellularhelper;
				PRODUCT_NAME = "$(TARGET_NAME)";
				SKIP_INSTALL = YES;
				SWIFT_EMIT_LOC_STRINGS = YES;
				SWIFT_VERSION = 5.0;
			};
			name = Release;
		};
		1959D9F62A472B70001BBE0F /* Debug */ = {
			isa = XCBuildConfiguration;
			buildSettings = {
				ALWAYS_EMBED_SWIFT_STANDARD_LIBRARIES = YES;
				BUNDLE_LOADER = "$(TEST_HOST)";
				CODE_SIGN_STYLE = Automatic;
				CURRENT_PROJECT_VERSION = 1;
				GENERATE_INFOPLIST_FILE = YES;
				MACOSX_DEPLOYMENT_TARGET = 13.3;
				MARKETING_VERSION = 1.0;
				PRODUCT_BUNDLE_IDENTIFIER = "com.xuanhan.Cellular-HelperTests";
				PRODUCT_NAME = "$(TARGET_NAME)";
				SWIFT_EMIT_LOC_STRINGS = NO;
				SWIFT_VERSION = 5.0;
				TEST_HOST = "$(BUILT_PRODUCTS_DIR)/Cellular Helper.app/$(BUNDLE_EXECUTABLE_FOLDER_PATH)/Cellular Helper";
			};
			name = Debug;
		};
		1959D9F72A472B70001BBE0F /* Release */ = {
			isa = XCBuildConfiguration;
			buildSettings = {
				ALWAYS_EMBED_SWIFT_STANDARD_LIBRARIES = YES;
				BUNDLE_LOADER = "$(TEST_HOST)";
				CODE_SIGN_STYLE = Automatic;
				CURRENT_PROJECT_VERSION = 1;
				GENERATE_INFOPLIST_FILE = YES;
				MACOSX_DEPLOYMENT_TARGET = 13.3;
				MARKETING_VERSION = 1.0;
				PRODUCT_BUNDLE_IDENTIFIER = "com.xuanhan.Cellular-HelperTests";
				PRODUCT_NAME = "$(TARGET_NAME)";
				SWIFT_EMIT_LOC_STRINGS = NO;
				SWIFT_VERSION = 5.0;
				TEST_HOST = "$(BUILT_PRODUCTS_DIR)/Cellular Helper.app/$(BUNDLE_EXECUTABLE_FOLDER_PATH)/Cellular Helper";
			};
			name = Release;
		};
		1959D9F92A472B70001BBE0F /* Debug */ = {
			isa = XCBuildConfiguration;
			buildSettings = {
				ALWAYS_EMBED_SWIFT_STANDARD_LIBRARIES = YES;
				CODE_SIGN_STYLE = Automatic;
				CURRENT_PROJECT_VERSION = 1;
				GENERATE_INFOPLIST_FILE = YES;
				MARKETING_VERSION = 1.0;
				PRODUCT_BUNDLE_IDENTIFIER = "com.xuanhan.Cellular-HelperUITests";
				PRODUCT_NAME = "$(TARGET_NAME)";
				SWIFT_EMIT_LOC_STRINGS = NO;
				SWIFT_VERSION = 5.0;
				TEST_TARGET_NAME = "Cellular Helper";
			};
			name = Debug;
		};
		1959D9FA2A472B70001BBE0F /* Release */ = {
			isa = XCBuildConfiguration;
			buildSettings = {
				ALWAYS_EMBED_SWIFT_STANDARD_LIBRARIES = YES;
				CODE_SIGN_STYLE = Automatic;
				CURRENT_PROJECT_VERSION = 1;
				GENERATE_INFOPLIST_FILE = YES;
				MARKETING_VERSION = 1.0;
				PRODUCT_BUNDLE_IDENTIFIER = "com.xuanhan.Cellular-HelperUITests";
				PRODUCT_NAME = "$(TARGET_NAME)";
				SWIFT_EMIT_LOC_STRINGS = NO;
				SWIFT_VERSION = 5.0;
				TEST_TARGET_NAME = "Cellular Helper";
			};
			name = Release;
		};
		19A0ED532A2E240C00AF4A5F /* Debug */ = {
			isa = XCBuildConfiguration;
			buildSettings = {
				ALWAYS_SEARCH_USER_PATHS = NO;
				CLANG_ANALYZER_NONNULL = YES;
				CLANG_ANALYZER_NUMBER_OBJECT_CONVERSION = YES_AGGRESSIVE;
				CLANG_CXX_LANGUAGE_STANDARD = "gnu++20";
				CLANG_ENABLE_MODULES = YES;
				CLANG_ENABLE_OBJC_ARC = YES;
				CLANG_ENABLE_OBJC_WEAK = YES;
				CLANG_WARN_BLOCK_CAPTURE_AUTORELEASING = YES;
				CLANG_WARN_BOOL_CONVERSION = YES;
				CLANG_WARN_COMMA = YES;
				CLANG_WARN_CONSTANT_CONVERSION = YES;
				CLANG_WARN_DEPRECATED_OBJC_IMPLEMENTATIONS = YES;
				CLANG_WARN_DIRECT_OBJC_ISA_USAGE = YES_ERROR;
				CLANG_WARN_DOCUMENTATION_COMMENTS = YES;
				CLANG_WARN_EMPTY_BODY = YES;
				CLANG_WARN_ENUM_CONVERSION = YES;
				CLANG_WARN_INFINITE_RECURSION = YES;
				CLANG_WARN_INT_CONVERSION = YES;
				CLANG_WARN_NON_LITERAL_NULL_CONVERSION = YES;
				CLANG_WARN_OBJC_IMPLICIT_RETAIN_SELF = YES;
				CLANG_WARN_OBJC_LITERAL_CONVERSION = YES;
				CLANG_WARN_OBJC_ROOT_CLASS = YES_ERROR;
				CLANG_WARN_QUOTED_INCLUDE_IN_FRAMEWORK_HEADER = YES;
				CLANG_WARN_RANGE_LOOP_ANALYSIS = YES;
				CLANG_WARN_STRICT_PROTOTYPES = YES;
				CLANG_WARN_SUSPICIOUS_MOVE = YES;
				CLANG_WARN_UNGUARDED_AVAILABILITY = YES_AGGRESSIVE;
				CLANG_WARN_UNREACHABLE_CODE = YES;
				CLANG_WARN__DUPLICATE_METHOD_MATCH = YES;
				COPY_PHASE_STRIP = NO;
				DEBUG_INFORMATION_FORMAT = dwarf;
				ENABLE_STRICT_OBJC_MSGSEND = YES;
				ENABLE_TESTABILITY = YES;
				GCC_C_LANGUAGE_STANDARD = gnu11;
				GCC_DYNAMIC_NO_PIC = NO;
				GCC_NO_COMMON_BLOCKS = YES;
				GCC_OPTIMIZATION_LEVEL = 0;
				GCC_PREPROCESSOR_DEFINITIONS = (
					"DEBUG=1",
					"$(inherited)",
				);
				GCC_WARN_64_TO_32_BIT_CONVERSION = YES;
				GCC_WARN_ABOUT_RETURN_TYPE = YES_ERROR;
				GCC_WARN_UNDECLARED_SELECTOR = YES;
				GCC_WARN_UNINITIALIZED_AUTOS = YES_AGGRESSIVE;
				GCC_WARN_UNUSED_FUNCTION = YES;
				GCC_WARN_UNUSED_VARIABLE = YES;
				MACOSX_DEPLOYMENT_TARGET = 13.3;
				MTL_ENABLE_DEBUG_INFO = INCLUDE_SOURCE;
				MTL_FAST_MATH = YES;
				ONLY_ACTIVE_ARCH = YES;
				SDKROOT = macosx;
				SWIFT_ACTIVE_COMPILATION_CONDITIONS = DEBUG;
				SWIFT_OPTIMIZATION_LEVEL = "-Onone";
			};
			name = Debug;
		};
		19A0ED542A2E240C00AF4A5F /* Release */ = {
			isa = XCBuildConfiguration;
			buildSettings = {
				ALWAYS_SEARCH_USER_PATHS = NO;
				CLANG_ANALYZER_NONNULL = YES;
				CLANG_ANALYZER_NUMBER_OBJECT_CONVERSION = YES_AGGRESSIVE;
				CLANG_CXX_LANGUAGE_STANDARD = "gnu++20";
				CLANG_ENABLE_MODULES = YES;
				CLANG_ENABLE_OBJC_ARC = YES;
				CLANG_ENABLE_OBJC_WEAK = YES;
				CLANG_WARN_BLOCK_CAPTURE_AUTORELEASING = YES;
				CLANG_WARN_BOOL_CONVERSION = YES;
				CLANG_WARN_COMMA = YES;
				CLANG_WARN_CONSTANT_CONVERSION = YES;
				CLANG_WARN_DEPRECATED_OBJC_IMPLEMENTATIONS = YES;
				CLANG_WARN_DIRECT_OBJC_ISA_USAGE = YES_ERROR;
				CLANG_WARN_DOCUMENTATION_COMMENTS = YES;
				CLANG_WARN_EMPTY_BODY = YES;
				CLANG_WARN_ENUM_CONVERSION = YES;
				CLANG_WARN_INFINITE_RECURSION = YES;
				CLANG_WARN_INT_CONVERSION = YES;
				CLANG_WARN_NON_LITERAL_NULL_CONVERSION = YES;
				CLANG_WARN_OBJC_IMPLICIT_RETAIN_SELF = YES;
				CLANG_WARN_OBJC_LITERAL_CONVERSION = YES;
				CLANG_WARN_OBJC_ROOT_CLASS = YES_ERROR;
				CLANG_WARN_QUOTED_INCLUDE_IN_FRAMEWORK_HEADER = YES;
				CLANG_WARN_RANGE_LOOP_ANALYSIS = YES;
				CLANG_WARN_STRICT_PROTOTYPES = YES;
				CLANG_WARN_SUSPICIOUS_MOVE = YES;
				CLANG_WARN_UNGUARDED_AVAILABILITY = YES_AGGRESSIVE;
				CLANG_WARN_UNREACHABLE_CODE = YES;
				CLANG_WARN__DUPLICATE_METHOD_MATCH = YES;
				COPY_PHASE_STRIP = NO;
				DEBUG_INFORMATION_FORMAT = "dwarf-with-dsym";
				ENABLE_NS_ASSERTIONS = NO;
				ENABLE_STRICT_OBJC_MSGSEND = YES;
				GCC_C_LANGUAGE_STANDARD = gnu11;
				GCC_NO_COMMON_BLOCKS = YES;
				GCC_WARN_64_TO_32_BIT_CONVERSION = YES;
				GCC_WARN_ABOUT_RETURN_TYPE = YES_ERROR;
				GCC_WARN_UNDECLARED_SELECTOR = YES;
				GCC_WARN_UNINITIALIZED_AUTOS = YES_AGGRESSIVE;
				GCC_WARN_UNUSED_FUNCTION = YES;
				GCC_WARN_UNUSED_VARIABLE = YES;
				MACOSX_DEPLOYMENT_TARGET = 13.3;
				MTL_ENABLE_DEBUG_INFO = NO;
				MTL_FAST_MATH = YES;
				SDKROOT = macosx;
				SWIFT_COMPILATION_MODE = wholemodule;
				SWIFT_OPTIMIZATION_LEVEL = "-O";
			};
			name = Release;
		};
		19A0ED562A2E240C00AF4A5F /* Debug */ = {
			isa = XCBuildConfiguration;
			buildSettings = {
				ASSETCATALOG_COMPILER_APPICON_NAME = AppIcon;
				ASSETCATALOG_COMPILER_GLOBAL_ACCENT_COLOR_NAME = AccentColor;
				CODE_SIGN_ENTITLEMENTS = Cellular/Cellular.entitlements;
				CODE_SIGN_STYLE = Automatic;
				COMBINE_HIDPI_IMAGES = YES;
				CURRENT_PROJECT_VERSION = 1;
				DEVELOPMENT_ASSET_PATHS = "\"Cellular/Preview Content\"";
				ENABLE_PREVIEWS = YES;
				GENERATE_INFOPLIST_FILE = YES;
				INFOPLIST_FILE = Cellular/Info.plist;
				INFOPLIST_KEY_CFBundleDisplayName = Cellular;
				INFOPLIST_KEY_LSApplicationCategoryType = "public.app-category.utilities";
				INFOPLIST_KEY_LSUIElement = YES;
				INFOPLIST_KEY_NSBluetoothAlwaysUsageDescription = "To discover your Android device and start the mobile hotspot intelligently.";
				INFOPLIST_KEY_NSHumanReadableCopyright = "";
				LD_RUNPATH_SEARCH_PATHS = (
					"$(inherited)",
					"@executable_path/../Frameworks",
				);
				MACOSX_DEPLOYMENT_TARGET = 13.0;
				MARKETING_VERSION = 1.0;
				PRODUCT_BUNDLE_IDENTIFIER = com.xuanhan.cellular;
				PRODUCT_NAME = "$(TARGET_NAME)";
				SWIFT_EMIT_LOC_STRINGS = YES;
				SWIFT_VERSION = 5.0;
			};
			name = Debug;
		};
		19A0ED572A2E240C00AF4A5F /* Release */ = {
			isa = XCBuildConfiguration;
			buildSettings = {
				ASSETCATALOG_COMPILER_APPICON_NAME = AppIcon;
				ASSETCATALOG_COMPILER_GLOBAL_ACCENT_COLOR_NAME = AccentColor;
				CODE_SIGN_ENTITLEMENTS = Cellular/Cellular.entitlements;
				CODE_SIGN_STYLE = Automatic;
				COMBINE_HIDPI_IMAGES = YES;
				CURRENT_PROJECT_VERSION = 1;
				DEVELOPMENT_ASSET_PATHS = "\"Cellular/Preview Content\"";
				ENABLE_PREVIEWS = YES;
				GENERATE_INFOPLIST_FILE = YES;
				INFOPLIST_FILE = Cellular/Info.plist;
				INFOPLIST_KEY_CFBundleDisplayName = Cellular;
				INFOPLIST_KEY_LSApplicationCategoryType = "public.app-category.utilities";
				INFOPLIST_KEY_LSUIElement = YES;
				INFOPLIST_KEY_NSBluetoothAlwaysUsageDescription = "To discover your Android device and start the mobile hotspot intelligently.";
				INFOPLIST_KEY_NSHumanReadableCopyright = "";
				LD_RUNPATH_SEARCH_PATHS = (
					"$(inherited)",
					"@executable_path/../Frameworks",
				);
				MACOSX_DEPLOYMENT_TARGET = 13.0;
				MARKETING_VERSION = 1.0;
				PRODUCT_BUNDLE_IDENTIFIER = com.xuanhan.cellular;
				PRODUCT_NAME = "$(TARGET_NAME)";
				SWIFT_EMIT_LOC_STRINGS = YES;
				SWIFT_VERSION = 5.0;
			};
			name = Release;
		};
		19A0ED592A2E240C00AF4A5F /* Debug */ = {
			isa = XCBuildConfiguration;
			buildSettings = {
				ALWAYS_EMBED_SWIFT_STANDARD_LIBRARIES = YES;
				BUNDLE_LOADER = "$(TEST_HOST)";
				CODE_SIGN_STYLE = Automatic;
				CURRENT_PROJECT_VERSION = 1;
				GENERATE_INFOPLIST_FILE = YES;
				MACOSX_DEPLOYMENT_TARGET = 13.2;
				MARKETING_VERSION = 1.0;
				PRODUCT_BUNDLE_IDENTIFIER = com.xuanhan.CellularTests;
				PRODUCT_NAME = "$(TARGET_NAME)";
				SWIFT_EMIT_LOC_STRINGS = NO;
				SWIFT_VERSION = 5.0;
				TEST_HOST = "$(BUILT_PRODUCTS_DIR)/Cellular.app/$(BUNDLE_EXECUTABLE_FOLDER_PATH)/Cellular";
			};
			name = Debug;
		};
		19A0ED5A2A2E240C00AF4A5F /* Release */ = {
			isa = XCBuildConfiguration;
			buildSettings = {
				ALWAYS_EMBED_SWIFT_STANDARD_LIBRARIES = YES;
				BUNDLE_LOADER = "$(TEST_HOST)";
				CODE_SIGN_STYLE = Automatic;
				CURRENT_PROJECT_VERSION = 1;
				GENERATE_INFOPLIST_FILE = YES;
				MACOSX_DEPLOYMENT_TARGET = 13.2;
				MARKETING_VERSION = 1.0;
				PRODUCT_BUNDLE_IDENTIFIER = com.xuanhan.CellularTests;
				PRODUCT_NAME = "$(TARGET_NAME)";
				SWIFT_EMIT_LOC_STRINGS = NO;
				SWIFT_VERSION = 5.0;
				TEST_HOST = "$(BUILT_PRODUCTS_DIR)/Cellular.app/$(BUNDLE_EXECUTABLE_FOLDER_PATH)/Cellular";
			};
			name = Release;
		};
		19A0ED5C2A2E240C00AF4A5F /* Debug */ = {
			isa = XCBuildConfiguration;
			buildSettings = {
				ALWAYS_EMBED_SWIFT_STANDARD_LIBRARIES = YES;
				CODE_SIGN_STYLE = Automatic;
				CURRENT_PROJECT_VERSION = 1;
				GENERATE_INFOPLIST_FILE = YES;
				MARKETING_VERSION = 1.0;
				PRODUCT_BUNDLE_IDENTIFIER = com.xuanhan.CellularUITests;
				PRODUCT_NAME = "$(TARGET_NAME)";
				SWIFT_EMIT_LOC_STRINGS = NO;
				SWIFT_VERSION = 5.0;
				TEST_TARGET_NAME = Cellular;
			};
			name = Debug;
		};
		19A0ED5D2A2E240C00AF4A5F /* Release */ = {
			isa = XCBuildConfiguration;
			buildSettings = {
				ALWAYS_EMBED_SWIFT_STANDARD_LIBRARIES = YES;
				CODE_SIGN_STYLE = Automatic;
				CURRENT_PROJECT_VERSION = 1;
				GENERATE_INFOPLIST_FILE = YES;
				MARKETING_VERSION = 1.0;
				PRODUCT_BUNDLE_IDENTIFIER = com.xuanhan.CellularUITests;
				PRODUCT_NAME = "$(TARGET_NAME)";
				SWIFT_EMIT_LOC_STRINGS = NO;
				SWIFT_VERSION = 5.0;
				TEST_TARGET_NAME = Cellular;
			};
			name = Release;
		};
/* End XCBuildConfiguration section */

/* Begin XCConfigurationList section */
		1959D9F22A472B70001BBE0F /* Build configuration list for PBXNativeTarget "Cellular Helper" */ = {
			isa = XCConfigurationList;
			buildConfigurations = (
				1959D9F32A472B70001BBE0F /* Debug */,
				1959D9F42A472B70001BBE0F /* Release */,
			);
			defaultConfigurationIsVisible = 0;
			defaultConfigurationName = Release;
		};
		1959D9F52A472B70001BBE0F /* Build configuration list for PBXNativeTarget "Cellular HelperTests" */ = {
			isa = XCConfigurationList;
			buildConfigurations = (
				1959D9F62A472B70001BBE0F /* Debug */,
				1959D9F72A472B70001BBE0F /* Release */,
			);
			defaultConfigurationIsVisible = 0;
			defaultConfigurationName = Release;
		};
		1959D9F82A472B70001BBE0F /* Build configuration list for PBXNativeTarget "Cellular HelperUITests" */ = {
			isa = XCConfigurationList;
			buildConfigurations = (
				1959D9F92A472B70001BBE0F /* Debug */,
				1959D9FA2A472B70001BBE0F /* Release */,
			);
			defaultConfigurationIsVisible = 0;
			defaultConfigurationName = Release;
		};
		19A0ED2B2A2E240B00AF4A5F /* Build configuration list for PBXProject "Cellular" */ = {
			isa = XCConfigurationList;
			buildConfigurations = (
				19A0ED532A2E240C00AF4A5F /* Debug */,
				19A0ED542A2E240C00AF4A5F /* Release */,
			);
			defaultConfigurationIsVisible = 0;
			defaultConfigurationName = Release;
		};
		19A0ED552A2E240C00AF4A5F /* Build configuration list for PBXNativeTarget "Cellular" */ = {
			isa = XCConfigurationList;
			buildConfigurations = (
				19A0ED562A2E240C00AF4A5F /* Debug */,
				19A0ED572A2E240C00AF4A5F /* Release */,
			);
			defaultConfigurationIsVisible = 0;
			defaultConfigurationName = Release;
		};
		19A0ED582A2E240C00AF4A5F /* Build configuration list for PBXNativeTarget "CellularTests" */ = {
			isa = XCConfigurationList;
			buildConfigurations = (
				19A0ED592A2E240C00AF4A5F /* Debug */,
				19A0ED5A2A2E240C00AF4A5F /* Release */,
			);
			defaultConfigurationIsVisible = 0;
			defaultConfigurationName = Release;
		};
		19A0ED5B2A2E240C00AF4A5F /* Build configuration list for PBXNativeTarget "CellularUITests" */ = {
			isa = XCConfigurationList;
			buildConfigurations = (
				19A0ED5C2A2E240C00AF4A5F /* Debug */,
				19A0ED5D2A2E240C00AF4A5F /* Release */,
			);
			defaultConfigurationIsVisible = 0;
			defaultConfigurationName = Release;
		};
/* End XCConfigurationList section */

/* Begin XCRemoteSwiftPackageReference section */
		19513C3F2A3D922000AA5668 /* XCRemoteSwiftPackageReference "HandySwift" */ = {
			isa = XCRemoteSwiftPackageReference;
			repositoryURL = "https://github.com/FlineDev/HandySwift.git";
			requirement = {
				kind = upToNextMajorVersion;
				minimumVersion = 3.0.0;
			};
		};
/* End XCRemoteSwiftPackageReference section */

/* Begin XCSwiftPackageProductDependency section */
		19513C402A3D922000AA5668 /* HandySwift */ = {
			isa = XCSwiftPackageProductDependency;
			package = 19513C3F2A3D922000AA5668 /* XCRemoteSwiftPackageReference "HandySwift" */;
			productName = HandySwift;
		};
/* End XCSwiftPackageProductDependency section */
	};
	rootObject = 19A0ED282A2E240B00AF4A5F /* Project object */;
}
